
Microsoft Visual Studio Solution File, Format Version 12.00
# Visual Studio Version 17
VisualStudioVersion = 17.2.32630.192
MinimumVisualStudioVersion = 10.0.40219.1
Project("{FAE04EC0-301F-11D3-BF4B-00C04F79EFBC}") = "PermissonBasedAuth", "PermissonBasedAuth\PermissonBasedAuth.csproj", "{C476B971-DB5B-4391-A682-505783E06B3D}"
EndProject
Project("{FAE04EC0-301F-11D3-BF4B-00C04F79EFBC}") = "ApiOne", "ApiOne\ApiOne.csproj", "{348F3311-8D65-4803-B8F1-AB22F162C84F}"
EndProject
Global
	GlobalSection(SolutionConfigurationPlatforms) = preSolution
		Debug|Any CPU = Debug|Any CPU
		Release|Any CPU = Release|Any CPU
	EndGlobalSection
	GlobalSection(ProjectConfigurationPlatforms) = postSolution
		{C476B971-DB5B-4391-A682-505783E06B3D}.Debug|Any CPU.ActiveCfg = Debug|Any CPU
		{C476B971-DB5B-4391-A682-505783E06B3D}.Debug|Any CPU.Build.0 = Debug|Any CPU
		{C476B971-DB5B-4391-A682-505783E06B3D}.Release|Any CPU.ActiveCfg = Release|Any CPU
		{C476B971-DB5B-4391-A682-505783E06B3D}.Release|Any CPU.Build.0 = Release|Any CPU
		{348F3311-8D65-4803-B8F1-AB22F162C84F}.Debug|Any CPU.ActiveCfg = Debug|Any CPU
		{348F3311-8D65-4803-B8F1-AB22F162C84F}.Debug|Any CPU.Build.0 = Debug|Any CPU
		{348F3311-8D65-4803-B8F1-AB22F162C84F}.Release|Any CPU.ActiveCfg = Release|Any CPU
		{348F3311-8D65-4803-B8F1-AB22F162C84F}.Release|Any CPU.Build.0 = Release|Any CPU
	EndGlobalSection
	GlobalSection(SolutionProperties) = preSolution
		HideSolutionNode = FALSE
	EndGlobalSection
	GlobalSection(ExtensibilityGlobals) = postSolution
		SolutionGuid = {F8D50F1F-9E4C-4367-8DD2-7AE4D722CB97}
	EndGlobalSection
EndGlobal
